{
  "name": "private-ip",
  "version": "1.0.0",
  "lockfileVersion": 3,
  "requires": true,
  "packages": {
    "": {
      "name": "private-ip",
      "version": "1.0.0",
      "license": "ISC",
      "dependencies": {
        "private-ip": "^3.0.2"
      }
    },
    "node_modules/@chainsafe/is-ip": {
      "version": "2.1.0",
      "resolved": "https://registry.npmjs.org/@chainsafe/is-ip/-/is-ip-2.1.0.tgz",
      "integrity": "sha512-KIjt+6IfysQ4GCv66xihEitBjvhU/bixbbbFxdJ1sqCp4uJ0wuZiYBPhksZoy4lfaF0k9cwNzY5upEW/VWdw3w==",
      "license": "MIT"
    },
    "node_modules/ip-regex": {
      "version": "5.0.0",
      "resolved": "https://registry.npmjs.org/ip-regex/-/ip-regex-5.0.0.tgz",
      "integrity": "sha512-fOCG6lhoKKakwv+C6KdsOnGvgXnmgfmp0myi3bcNwj3qfwPAxRKWEuFhvEFF7ceYIz6+1jRZ+yguLFAmUNPEfw==",
      "license": "MIT",
      "engines": {
        "node": "^12.20.0 || ^14.13.1 || >=16.0.0"
      },
      "funding": {
        "url": "https://github.com/sponsors/sindresorhus"
      }
    },
    "node_modules/ipaddr.js": {
      "version": "2.4.0",
      "resolved": "https://registry.npmjs.org/ipaddr.js/-/ipaddr.js-2.4.0.tgz",
      "integrity": "sha512-9VGk3HGanVE6JoZXHiCpnGy5X0jYDnN4EA4lntFPj+1vIWlFhIylq2CrrCOJH9EAhc5CYhq18F2Av2tgoAPsYQ==",
      "license": "MIT",
      "engines": {
        "node": ">= 10"
      }
    },
    "node_modules/netmask": {
      "version": "2.1.1",
      "resolved": "https://registry.npmjs.org/netmask/-/netmask-2.1.1.tgz",
      "integrity": "sha512-eonl3sLUha+S1GzTPxychyhnUzKyeQkZ7jLjKrBagJgPla13F+uQ71HgpFefyHgqrjEbCPkDArxYsjY8/+gLKA==",
      "license": "MIT",
      "engines": {
        "node": ">= 0.4.0"
      }
    },
    "node_modules/private-ip": {
      "version": "3.0.2",
      "resolved": "https://registry.npmjs.org/private-ip/-/private-ip-3.0.2.tgz",
      "integrity": "sha512-2pkOVPGYD/4QyAg95c6E/4bLYXPthT5Xw4ocXYzIIsMBhskOMn6IwkWXmg6ZiA6K58+O6VD/n02r1hDhk7vDPw==",
      "license": "MIT",
      "dependencies": {
        "@chainsafe/is-ip": "^2.0.1",
        "ip-regex": "^5.0.0",
        "ipaddr.js": "^2.1.0",
        "netmask": "^2.0.2"
      },
      "engines": {
        "node": ">=14.16"
      }
    }
  }
}
