{
  "name": "ssrf-req-filter",
  "version": "1.0.0",
  "lockfileVersion": 3,
  "requires": true,
  "packages": {
    "": {
      "name": "ssrf-req-filter",
      "version": "1.0.0",
      "license": "ISC",
      "dependencies": {
        "ssrf-req-filter": "^1.1.1"
      }
    },
    "node_modules/ipaddr.js": {
      "version": "2.4.0",
      "resolved": "https://registry.npmjs.org/ipaddr.js/-/ipaddr.js-2.4.0.tgz",
      "integrity": "sha512-9VGk3HGanVE6JoZXHiCpnGy5X0jYDnN4EA4lntFPj+1vIWlFhIylq2CrrCOJH9EAhc5CYhq18F2Av2tgoAPsYQ==",
      "license": "MIT",
      "engines": {
        "node": ">= 10"
      }
    },
    "node_modules/ssrf-req-filter": {
      "version": "1.1.1",
      "resolved": "https://registry.npmjs.org/ssrf-req-filter/-/ssrf-req-filter-1.1.1.tgz",
      "integrity": "sha512-z0duj5tuvr5YetayhTdQWHf5gEncHvY6nL1HoqiFaF0gfK8Gc3VpTlxvAf4DaOVwcoczfqsL97H5TJRfYFtEYg==",
      "license": "MIT",
      "dependencies": {
        "ipaddr.js": "^2.2.0"
      }
    }
  }
}
